{
  "name": "@mohammed000/my-greeting",
  "version": "1.0.0",
  "lockfileVersion": 3,
  "requires": true,
  "packages": {
    "": {
      "name": "@mohammed000/my-greeting",
      "version": "1.0.0",
      "license": "ISC",
      "dependencies": {
        "@mohammed000/my-greeting": "file:",
        "my-greeting": "file:"
      }
    },
    "node_modules/@mohammed000/my-greeting": {
      "resolved": "",
      "link": true
    },
    "node_modules/my-greeting": {
      "resolved": "",
      "link": true
    }
  }
}
